
Microsoft Visual Studio Solution File, Format Version 12.00
# Visual Studio 15
VisualStudioVersion = 15.0.28307.1209
MinimumVisualStudioVersion = 10.0.40219.1
Project("{FAE04EC0-301F-11D3-BF4B-00C04F79EFBC}") = "Covid19", "Covid19\Covid19.csproj", "{D6289937-E31F-4DEF-A956-3FBC0DB53614}"
EndProject
Project("{FAE04EC0-301F-11D3-BF4B-00C04F79EFBC}") = "TestLibFramesork", "TestLibFramesork\TestLibFramesork.csproj", "{99416B92-E235-4FCC-A9AA-86A4C7A28AAB}"
EndProject
Project("{2150E333-8FDC-42A3-9474-1A3956D46DE8}") = "Tests", "Tests", "{8A67A160-DB82-4AB0-8033-5E90E45F3874}"
EndProject
Project("{9A19103F-16F7-4668-BE54-9A1E7A4F7556}") = "Covid19Console", "Covid19Console\Covid19Console.csproj", "{857F9DFF-60E9-49D0-B98E-B1A3759DA597}"
EndProject
Project("{FAE04EC0-301F-11D3-BF4B-00C04F79EFBC}") = "WPFTest", "WPFTest\WPFTest.csproj", "{6C396D19-A6BC-4BB8-B81B-E262575848A6}"
EndProject
Global
	GlobalSection(SolutionConfigurationPlatforms) = preSolution
		Debug|Any CPU = Debug|Any CPU
		Release|Any CPU = Release|Any CPU
	EndGlobalSection
	GlobalSection(ProjectConfigurationPlatforms) = postSolution
		{D6289937-E31F-4DEF-A956-3FBC0DB53614}.Debug|Any CPU.ActiveCfg = Debug|Any CPU
		{D6289937-E31F-4DEF-A956-3FBC0DB53614}.Debug|Any CPU.Build.0 = Debug|Any CPU
		{D6289937-E31F-4DEF-A956-3FBC0DB53614}.Release|Any CPU.ActiveCfg = Release|Any CPU
		{D6289937-E31F-4DEF-A956-3FBC0DB53614}.Release|Any CPU.Build.0 = Release|Any CPU
		{99416B92-E235-4FCC-A9AA-86A4C7A28AAB}.Debug|Any CPU.ActiveCfg = Debug|Any CPU
		{99416B92-E235-4FCC-A9AA-86A4C7A28AAB}.Debug|Any CPU.Build.0 = Debug|Any CPU
		{99416B92-E235-4FCC-A9AA-86A4C7A28AAB}.Release|Any CPU.ActiveCfg = Release|Any CPU
		{99416B92-E235-4FCC-A9AA-86A4C7A28AAB}.Release|Any CPU.Build.0 = Release|Any CPU
		{857F9DFF-60E9-49D0-B98E-B1A3759DA597}.Debug|Any CPU.ActiveCfg = Debug|Any CPU
		{857F9DFF-60E9-49D0-B98E-B1A3759DA597}.Debug|Any CPU.Build.0 = Debug|Any CPU
		{857F9DFF-60E9-49D0-B98E-B1A3759DA597}.Release|Any CPU.ActiveCfg = Release|Any CPU
		{857F9DFF-60E9-49D0-B98E-B1A3759DA597}.Release|Any CPU.Build.0 = Release|Any CPU
		{6C396D19-A6BC-4BB8-B81B-E262575848A6}.Debug|Any CPU.ActiveCfg = Debug|Any CPU
		{6C396D19-A6BC-4BB8-B81B-E262575848A6}.Debug|Any CPU.Build.0 = Debug|Any CPU
		{6C396D19-A6BC-4BB8-B81B-E262575848A6}.Release|Any CPU.ActiveCfg = Release|Any CPU
		{6C396D19-A6BC-4BB8-B81B-E262575848A6}.Release|Any CPU.Build.0 = Release|Any CPU
	EndGlobalSection
	GlobalSection(SolutionProperties) = preSolution
		HideSolutionNode = FALSE
	EndGlobalSection
	GlobalSection(NestedProjects) = preSolution
		{857F9DFF-60E9-49D0-B98E-B1A3759DA597} = {8A67A160-DB82-4AB0-8033-5E90E45F3874}
		{6C396D19-A6BC-4BB8-B81B-E262575848A6} = {8A67A160-DB82-4AB0-8033-5E90E45F3874}
	EndGlobalSection
	GlobalSection(ExtensibilityGlobals) = postSolution
		SolutionGuid = {A4D81BE2-4F7B-4C36-8B01-146312E0855B}
	EndGlobalSection
EndGlobal
