
Microsoft Visual Studio Solution File, Format Version 12.00
# Visual Studio 15
VisualStudioVersion = 15.0.28307.1209
MinimumVisualStudioVersion = 10.0.40219.1
Project("{FAE04EC0-301F-11D3-BF4B-00C04F79EFBC}") = "Covid19", "Covid19\Covid19.csproj", "{D6289937-E31F-4DEF-A956-3FBC0DB53614}"
EndProject
Global
	GlobalSection(SolutionConfigurationPlatforms) = preSolution
		Debug|Any CPU = Debug|Any CPU
		Release|Any CPU = Release|Any CPU
	EndGlobalSection
	GlobalSection(ProjectConfigurationPlatforms) = postSolution
		{D6289937-E31F-4DEF-A956-3FBC0DB53614}.Debug|Any CPU.ActiveCfg = Debug|Any CPU
		{D6289937-E31F-4DEF-A956-3FBC0DB53614}.Debug|Any CPU.Build.0 = Debug|Any CPU
		{D6289937-E31F-4DEF-A956-3FBC0DB53614}.Release|Any CPU.ActiveCfg = Release|Any CPU
		{D6289937-E31F-4DEF-A956-3FBC0DB53614}.Release|Any CPU.Build.0 = Release|Any CPU
	EndGlobalSection
	GlobalSection(SolutionProperties) = preSolution
		HideSolutionNode = FALSE
	EndGlobalSection
	GlobalSection(ExtensibilityGlobals) = postSolution
		SolutionGuid = {A4D81BE2-4F7B-4C36-8B01-146312E0855B}
	EndGlobalSection
EndGlobal
